# THIS IS AN AUTOGENERATED FILE. DO NOT EDIT THIS FILE DIRECTLY.
# yarn lockfile v1


ansi-styles@^3.2.1:
  version "3.2.1"
  resolved "https://registry.npm.taobao.org/ansi-styles/download/ansi-styles-3.2.1.tgz#41fbb20243e50b12be0f04b8dedbf07520ce841d"
  integrity sha1-QfuyAkPlCxK+DwS43tvwdSDOhB0=
  dependencies:
    color-convert "^1.9.0"

array-back@^1.0.3, array-back@^1.0.4:
  version "1.0.4"
  resolved "https://registry.npm.taobao.org/array-back/download/array-back-1.0.4.tgz#644ba7f095f7ffcf7c43b5f0dc39d3c1f03c063b"
  integrity sha1-ZEun8JX3/898Q7Xw3DnTwfA8Bjs=
  dependencies:
    typical "^2.6.0"

array-back@^2.0.0:
  version "2.0.0"
  resolved "https://registry.npm.taobao.org/array-back/download/array-back-2.0.0.tgz#6877471d51ecc9c9bfa6136fb6c7d5fe69748022"
  integrity sha1-aHdHHVHsycm/phNvtsfV/ml0gCI=
  dependencies:
    typical "^2.6.1"

chalk@^2.4.1:
  version "2.4.2"
  resolved "https://registry.npm.taobao.org/chalk/download/chalk-2.4.2.tgz?cache=0&sync_timestamp=1592843133653&other_urls=https%3A%2F%2Fregistry.npm.taobao.org%2Fchalk%2Fdownload%2Fchalk-2.4.2.tgz#cd42541677a54333cf541a49108c1432b44c9424"
  integrity sha1-zUJUFnelQzPPVBpJEIwUMrRMlCQ=
  dependencies:
    ansi-styles "^3.2.1"
    escape-string-regexp "^1.0.5"
    supports-color "^5.3.0"

color-convert@^1.9.0:
  version "1.9.3"
  resolved "https://registry.npm.taobao.org/color-convert/download/color-convert-1.9.3.tgz#bb71850690e1f136567de629d2d5471deda4c1e8"
  integrity sha1-u3GFBpDh8TZWfeYp0tVHHe2kweg=
  dependencies:
    color-name "1.1.3"

color-name@1.1.3:
  version "1.1.3"
  resolved "https://registry.npm.taobao.org/color-name/download/color-name-1.1.3.tgz#a7d0558bd89c42f795dd42328f740831ca53bc25"
  integrity sha1-p9BVi9icQveV3UIyj3QIMcpTvCU=

command-line-args@^3.0.1:
  version "3.0.5"
  resolved "https://registry.npm.taobao.org/command-line-args/download/command-line-args-3.0.5.tgz#5bd4ad45e7983e5c1344918e40280ee2693c5ac0"
  integrity sha1-W9StReeYPlwTRJGOQCgO4mk8WsA=
  dependencies:
    array-back "^1.0.4"
    feature-detect-es6 "^1.3.1"
    find-replace "^1.0.2"
    typical "^2.6.0"

command-line-usage@^5.0.5:
  version "5.0.5"
  resolved "https://registry.npm.taobao.org/command-line-usage/download/command-line-usage-5.0.5.tgz?cache=0&sync_timestamp=1610413553631&other_urls=https%3A%2F%2Fregistry.npm.taobao.org%2Fcommand-line-usage%2Fdownload%2Fcommand-line-usage-5.0.5.tgz#5f25933ffe6dedd983c635d38a21d7e623fda357"
  integrity sha1-XyWTP/5t7dmDxjXTiiHX5iP9o1c=
  dependencies:
    array-back "^2.0.0"
    chalk "^2.4.1"
    table-layout "^0.4.3"
    typical "^2.6.1"

deep-extend@~0.6.0:
  version "0.6.0"
  resolved "https://registry.npm.taobao.org/deep-extend/download/deep-extend-0.6.0.tgz#c4fa7c95404a17a9c3e8ca7e1537312b736330ac"
  integrity sha1-xPp8lUBKF6nD6Mp+FTcxK3NjMKw=

escape-string-regexp@^1.0.5:
  version "1.0.5"
  resolved "https://registry.npm.taobao.org/escape-string-regexp/download/escape-string-regexp-1.0.5.tgz#1b61c0562190a8dff6ae3bb2cf0200ca130b86d4"
  integrity sha1-G2HAViGQqN/2rjuyzwIAyhMLhtQ=

feature-detect-es6@^1.3.1:
  version "1.5.0"
  resolved "https://registry.npm.taobao.org/feature-detect-es6/download/feature-detect-es6-1.5.0.tgz#a69bb7662c65f64f89f07eac5a461b649a1e0a00"
  integrity sha1-ppu3Zixl9k+J8H6sWkYbZJoeCgA=
  dependencies:
    array-back "^1.0.4"

find-replace@^1.0.2:
  version "1.0.3"
  resolved "https://registry.npm.taobao.org/find-replace/download/find-replace-1.0.3.tgz#b88e7364d2d9c959559f388c66670d6130441fa0"
  integrity sha1-uI5zZNLZyVlVnziMZmcNYTBEH6A=
  dependencies:
    array-back "^1.0.4"
    test-value "^2.1.0"

has-flag@^3.0.0:
  version "3.0.0"
  resolved "https://registry.npm.taobao.org/has-flag/download/has-flag-3.0.0.tgz#b5d454dc2199ae225699f3467e5a07f3b955bafd"
  integrity sha1-tdRU3CGZriJWmfNGfloH87lVuv0=

lodash.padend@^4.6.1:
  version "4.6.1"
  resolved "https://registry.npm.taobao.org/lodash.padend/download/lodash.padend-4.6.1.tgz#53ccba047d06e158d311f45da625f4e49e6f166e"
  integrity sha1-U8y6BH0G4VjTEfRdpiX05J5vFm4=

node-fetch@^2.6.1:
  version "2.6.1"
  resolved "https://registry.npm.taobao.org/node-fetch/download/node-fetch-2.6.1.tgz#045bd323631f76ed2e2b55573394416b639a0052"
  integrity sha1-BFvTI2Mfdu0uK1VXM5RBa2OaAFI=

node-wifi@^2.0.14:
  version "2.0.14"
  resolved "https://registry.npm.taobao.org/node-wifi/download/node-wifi-2.0.14.tgz#3b6648db55fc603912525280fbf76745da53457c"
  integrity sha1-O2ZI21X8YDkSUlKA+/dnRdpTRXw=
  dependencies:
    command-line-args "^3.0.1"
    command-line-usage "^5.0.5"

reduce-flatten@^1.0.1:
  version "1.0.1"
  resolved "https://registry.npm.taobao.org/reduce-flatten/download/reduce-flatten-1.0.1.tgz#258c78efd153ddf93cb561237f61184f3696e327"
  integrity sha1-JYx479FT3fk8tWEjf2EYTzaW4yc=

supports-color@^5.3.0:
  version "5.5.0"
  resolved "https://registry.npm.taobao.org/supports-color/download/supports-color-5.5.0.tgz?cache=0&sync_timestamp=1611394023277&other_urls=https%3A%2F%2Fregistry.npm.taobao.org%2Fsupports-color%2Fdownload%2Fsupports-color-5.5.0.tgz#e2e69a44ac8772f78a1ec0b35b689df6530efc8f"
  integrity sha1-4uaaRKyHcveKHsCzW2id9lMO/I8=
  dependencies:
    has-flag "^3.0.0"

table-layout@^0.4.3:
  version "0.4.5"
  resolved "https://registry.npm.taobao.org/table-layout/download/table-layout-0.4.5.tgz#d906de6a25fa09c0c90d1d08ecd833ecedcb7378"
  integrity sha1-2QbeaiX6CcDJDR0I7Ngz7O3Lc3g=
  dependencies:
    array-back "^2.0.0"
    deep-extend "~0.6.0"
    lodash.padend "^4.6.1"
    typical "^2.6.1"
    wordwrapjs "^3.0.0"

test-value@^2.1.0:
  version "2.1.0"
  resolved "https://registry.npm.taobao.org/test-value/download/test-value-2.1.0.tgz#11da6ff670f3471a73b625ca4f3fdcf7bb748291"
  integrity sha1-Edpv9nDzRxpztiXKTz/c97t0gpE=
  dependencies:
    array-back "^1.0.3"
    typical "^2.6.0"

typical@^2.6.0, typical@^2.6.1:
  version "2.6.1"
  resolved "https://registry.npm.taobao.org/typical/download/typical-2.6.1.tgz#5c080e5d661cbbe38259d2e70a3c7253e873881d"
  integrity sha1-XAgOXWYcu+OCWdLnCjxyU+hziB0=

wordwrapjs@^3.0.0:
  version "3.0.0"
  resolved "https://registry.npm.taobao.org/wordwrapjs/download/wordwrapjs-3.0.0.tgz#c94c372894cadc6feb1a66bff64e1d9af92c5d1e"
  integrity sha1-yUw3KJTK3G/rGma/9k4dmvksXR4=
  dependencies:
    reduce-flatten "^1.0.1"
    typical "^2.6.1"
